
Microsoft Visual Studio Solution File, Format Version 12.00
# Visual Studio 2013
VisualStudioVersion = 12.0.31101.0
MinimumVisualStudioVersion = 10.0.40219.1
Project("{FAE04EC0-301F-11D3-BF4B-00C04F79EFBC}") = "OXerath", "OXerath\OXerath.csproj", "{74F29A0F-28A4-499C-AE18-1C90F9938F93}"
EndProject
Global
	GlobalSection(SolutionConfigurationPlatforms) = preSolution
		Debug|Any CPU = Debug|Any CPU
		Release|Any CPU = Release|Any CPU
	EndGlobalSection
	GlobalSection(ProjectConfigurationPlatforms) = postSolution
		{74F29A0F-28A4-499C-AE18-1C90F9938F93}.Debug|Any CPU.ActiveCfg = Debug|Any CPU
		{74F29A0F-28A4-499C-AE18-1C90F9938F93}.Debug|Any CPU.Build.0 = Debug|Any CPU
		{74F29A0F-28A4-499C-AE18-1C90F9938F93}.Release|Any CPU.ActiveCfg = Release|Any CPU
		{74F29A0F-28A4-499C-AE18-1C90F9938F93}.Release|Any CPU.Build.0 = Release|Any CPU
	EndGlobalSection
	GlobalSection(SolutionProperties) = preSolution
		HideSolutionNode = FALSE
	EndGlobalSection
EndGlobal
