
Microsoft Visual Studio Solution File, Format Version 12.00
# Visual Studio 2013
VisualStudioVersion = 12.0.31101.0
MinimumVisualStudioVersion = 10.0.40219.1
Project("{FAE04EC0-301F-11D3-BF4B-00C04F79EFBC}") = "Slutty Blitz", "Slutty Blitz\Slutty Blitz.csproj", "{898BFAF6-7D29-4476-A97B-75DB15DF68DB}"
EndProject
Global
	GlobalSection(SolutionConfigurationPlatforms) = preSolution
		Debug|Any CPU = Debug|Any CPU
		Release|Any CPU = Release|Any CPU
	EndGlobalSection
	GlobalSection(ProjectConfigurationPlatforms) = postSolution
		{898BFAF6-7D29-4476-A97B-75DB15DF68DB}.Debug|Any CPU.ActiveCfg = Debug|Any CPU
		{898BFAF6-7D29-4476-A97B-75DB15DF68DB}.Debug|Any CPU.Build.0 = Debug|Any CPU
		{898BFAF6-7D29-4476-A97B-75DB15DF68DB}.Release|Any CPU.ActiveCfg = Release|Any CPU
		{898BFAF6-7D29-4476-A97B-75DB15DF68DB}.Release|Any CPU.Build.0 = Release|Any CPU
	EndGlobalSection
	GlobalSection(SolutionProperties) = preSolution
		HideSolutionNode = FALSE
	EndGlobalSection
EndGlobal
