
Microsoft Visual Studio Solution File, Format Version 12.00
# Visual Studio 2013
VisualStudioVersion = 12.0.31101.0
MinimumVisualStudioVersion = 10.0.40219.1
Project("{FAE04EC0-301F-11D3-BF4B-00C04F79EFBC}") = "Slutty Zilean", "Slutty Zilean\Slutty Zilean.csproj", "{BFA8BF90-808C-4616-874C-8CEC8AFDC14B}"
EndProject
Global
	GlobalSection(SolutionConfigurationPlatforms) = preSolution
		Debug|Any CPU = Debug|Any CPU
		Release|Any CPU = Release|Any CPU
	EndGlobalSection
	GlobalSection(ProjectConfigurationPlatforms) = postSolution
		{BFA8BF90-808C-4616-874C-8CEC8AFDC14B}.Debug|Any CPU.ActiveCfg = Debug|Any CPU
		{BFA8BF90-808C-4616-874C-8CEC8AFDC14B}.Debug|Any CPU.Build.0 = Debug|Any CPU
		{BFA8BF90-808C-4616-874C-8CEC8AFDC14B}.Release|Any CPU.ActiveCfg = Release|Any CPU
		{BFA8BF90-808C-4616-874C-8CEC8AFDC14B}.Release|Any CPU.Build.0 = Release|Any CPU
	EndGlobalSection
	GlobalSection(SolutionProperties) = preSolution
		HideSolutionNode = FALSE
	EndGlobalSection
EndGlobal
