
Microsoft Visual Studio Solution File, Format Version 12.00
# Visual Studio 14
VisualStudioVersion = 14.0.23107.0
MinimumVisualStudioVersion = 10.0.40219.1
Project("{FAE04EC0-301F-11D3-BF4B-00C04F79EFBC}") = "Slutty Katarina", "Slutty Katarina\Slutty Katarina.csproj", "{8A06E927-72D8-4E11-8B12-13E2A13B5EDA}"
EndProject
Global
	GlobalSection(SolutionConfigurationPlatforms) = preSolution
		Debug|Any CPU = Debug|Any CPU
		Release|Any CPU = Release|Any CPU
	EndGlobalSection
	GlobalSection(ProjectConfigurationPlatforms) = postSolution
		{8A06E927-72D8-4E11-8B12-13E2A13B5EDA}.Debug|Any CPU.ActiveCfg = Debug|Any CPU
		{8A06E927-72D8-4E11-8B12-13E2A13B5EDA}.Debug|Any CPU.Build.0 = Debug|Any CPU
		{8A06E927-72D8-4E11-8B12-13E2A13B5EDA}.Release|Any CPU.ActiveCfg = Release|Any CPU
		{8A06E927-72D8-4E11-8B12-13E2A13B5EDA}.Release|Any CPU.Build.0 = Release|Any CPU
	EndGlobalSection
	GlobalSection(SolutionProperties) = preSolution
		HideSolutionNode = FALSE
	EndGlobalSection
EndGlobal
